
Microsoft Visual Studio Solution File, Format Version 12.00
# Visual Studio Version 16
VisualStudioVersion = 16.0.30804.86
MinimumVisualStudioVersion = 10.0.40219.1
Project("{9A19103F-16F7-4668-BE54-9A1E7A4F7556}") = "Terabaitas.UI", "Terabaitas\Terabaitas.UI.csproj", "{462F28EA-D4E6-464C-8227-5E0EB73EE5BC}"
EndProject
Project("{9A19103F-16F7-4668-BE54-9A1E7A4F7556}") = "Terabaitas.Data", "Terabaitas.Data\Terabaitas.Data.csproj", "{6C00C763-4E65-4169-9C36-5005E38ACC57}"
EndProject
Project("{9A19103F-16F7-4668-BE54-9A1E7A4F7556}") = "Terabaitas.Core.Domain", "Terabaitas.Core.Domain\Terabaitas.Core.Domain.csproj", "{343CA3CB-203C-4C01-91CB-A45E47888DF4}"
EndProject
Project("{9A19103F-16F7-4668-BE54-9A1E7A4F7556}") = "Terabaitas.Core.Services", "Terabaitas.Core.Services\Terabaitas.Core.Services.csproj", "{0D954E6C-303F-402B-8191-76036D43337B}"
EndProject
Global
	GlobalSection(SolutionConfigurationPlatforms) = preSolution
		Debug|Any CPU = Debug|Any CPU
		Release|Any CPU = Release|Any CPU
	EndGlobalSection
	GlobalSection(ProjectConfigurationPlatforms) = postSolution
		{462F28EA-D4E6-464C-8227-5E0EB73EE5BC}.Debug|Any CPU.ActiveCfg = Debug|Any CPU
		{462F28EA-D4E6-464C-8227-5E0EB73EE5BC}.Debug|Any CPU.Build.0 = Debug|Any CPU
		{462F28EA-D4E6-464C-8227-5E0EB73EE5BC}.Release|Any CPU.ActiveCfg = Release|Any CPU
		{462F28EA-D4E6-464C-8227-5E0EB73EE5BC}.Release|Any CPU.Build.0 = Release|Any CPU
		{6C00C763-4E65-4169-9C36-5005E38ACC57}.Debug|Any CPU.ActiveCfg = Debug|Any CPU
		{6C00C763-4E65-4169-9C36-5005E38ACC57}.Debug|Any CPU.Build.0 = Debug|Any CPU
		{6C00C763-4E65-4169-9C36-5005E38ACC57}.Release|Any CPU.ActiveCfg = Release|Any CPU
		{6C00C763-4E65-4169-9C36-5005E38ACC57}.Release|Any CPU.Build.0 = Release|Any CPU
		{343CA3CB-203C-4C01-91CB-A45E47888DF4}.Debug|Any CPU.ActiveCfg = Debug|Any CPU
		{343CA3CB-203C-4C01-91CB-A45E47888DF4}.Debug|Any CPU.Build.0 = Debug|Any CPU
		{343CA3CB-203C-4C01-91CB-A45E47888DF4}.Release|Any CPU.ActiveCfg = Release|Any CPU
		{343CA3CB-203C-4C01-91CB-A45E47888DF4}.Release|Any CPU.Build.0 = Release|Any CPU
		{0D954E6C-303F-402B-8191-76036D43337B}.Debug|Any CPU.ActiveCfg = Debug|Any CPU
		{0D954E6C-303F-402B-8191-76036D43337B}.Debug|Any CPU.Build.0 = Debug|Any CPU
		{0D954E6C-303F-402B-8191-76036D43337B}.Release|Any CPU.ActiveCfg = Release|Any CPU
		{0D954E6C-303F-402B-8191-76036D43337B}.Release|Any CPU.Build.0 = Release|Any CPU
	EndGlobalSection
	GlobalSection(SolutionProperties) = preSolution
		HideSolutionNode = FALSE
	EndGlobalSection
	GlobalSection(ExtensibilityGlobals) = postSolution
		SolutionGuid = {BA642DF7-9289-4174-98B9-B68F2344DE7E}
	EndGlobalSection
EndGlobal
